
Microsoft Visual Studio Solution File, Format Version 12.00
# Visual Studio Version 17
VisualStudioVersion = 17.3.32825.248
MinimumVisualStudioVersion = 10.0.40219.1
Project("{FAE04EC0-301F-11D3-BF4B-00C04F79EFBC}") = "SendgridFaker", "SendgridFaker\SendgridFaker.csproj", "{51D4C156-5505-4AE7-A285-C66DA32F06FB}"
EndProject
Global
	GlobalSection(SolutionConfigurationPlatforms) = preSolution
		Debug|Any CPU = Debug|Any CPU
		Release|Any CPU = Release|Any CPU
	EndGlobalSection
	GlobalSection(ProjectConfigurationPlatforms) = postSolution
		{51D4C156-5505-4AE7-A285-C66DA32F06FB}.Debug|Any CPU.ActiveCfg = Debug|Any CPU
		{51D4C156-5505-4AE7-A285-C66DA32F06FB}.Debug|Any CPU.Build.0 = Debug|Any CPU
		{51D4C156-5505-4AE7-A285-C66DA32F06FB}.Release|Any CPU.ActiveCfg = Release|Any CPU
		{51D4C156-5505-4AE7-A285-C66DA32F06FB}.Release|Any CPU.Build.0 = Release|Any CPU
	EndGlobalSection
	GlobalSection(SolutionProperties) = preSolution
		HideSolutionNode = FALSE
	EndGlobalSection
	GlobalSection(ExtensibilityGlobals) = postSolution
		SolutionGuid = {253680DA-6773-4A5A-9D3E-2EA7DDD2BC4E}
	EndGlobalSection
EndGlobal
